
Microsoft Visual Studio Solution File, Format Version 12.00
# Visual Studio Version 17
VisualStudioVersion = 17.5.33424.131
MinimumVisualStudioVersion = 10.0.40219.1
Project("{8BC9CEB8-8B4A-11D0-8D11-00A0C91BC942}") = "staticmember_062", "staticmember_062\staticmember_062.vcxproj", "{DA012A59-02E3-4D5C-9E01-6AE4462E6BAF}"
EndProject
Project("{8BC9CEB8-8B4A-11D0-8D11-00A0C91BC942}") = "mbrStaticFunc", "mbrStaticFunc\mbrStaticFunc.vcxproj", "{7A621F49-570F-4478-A886-AD1F23C6E04E}"
EndProject
Project("{8BC9CEB8-8B4A-11D0-8D11-00A0C91BC942}") = "destruvtor", "destruvtor\destruvtor.vcxproj", "{E1476FA1-D823-4D5E-9C7A-FBA376C07EC5}"
EndProject
Project("{8BC9CEB8-8B4A-11D0-8D11-00A0C91BC942}") = "constructor", "constructor\constructor.vcxproj", "{EB0C8AB9-DB8E-4F7E-935B-A296E96EFCE1}"
EndProject
Project("{8BC9CEB8-8B4A-11D0-8D11-00A0C91BC942}") = "chainFunction", "chainFunction\chainFunction.vcxproj", "{BE257A23-E283-4C5B-BD9B-F92DEE1358EA}"
EndProject
Global
	GlobalSection(SolutionConfigurationPlatforms) = preSolution
		Debug|x64 = Debug|x64
		Debug|x86 = Debug|x86
		Release|x64 = Release|x64
		Release|x86 = Release|x86
	EndGlobalSection
	GlobalSection(ProjectConfigurationPlatforms) = postSolution
		{DA012A59-02E3-4D5C-9E01-6AE4462E6BAF}.Debug|x64.ActiveCfg = Debug|x64
		{DA012A59-02E3-4D5C-9E01-6AE4462E6BAF}.Debug|x64.Build.0 = Debug|x64
		{DA012A59-02E3-4D5C-9E01-6AE4462E6BAF}.Debug|x86.ActiveCfg = Debug|Win32
		{DA012A59-02E3-4D5C-9E01-6AE4462E6BAF}.Debug|x86.Build.0 = Debug|Win32
		{DA012A59-02E3-4D5C-9E01-6AE4462E6BAF}.Release|x64.ActiveCfg = Release|x64
		{DA012A59-02E3-4D5C-9E01-6AE4462E6BAF}.Release|x64.Build.0 = Release|x64
		{DA012A59-02E3-4D5C-9E01-6AE4462E6BAF}.Release|x86.ActiveCfg = Release|Win32
		{DA012A59-02E3-4D5C-9E01-6AE4462E6BAF}.Release|x86.Build.0 = Release|Win32
		{7A621F49-570F-4478-A886-AD1F23C6E04E}.Debug|x64.ActiveCfg = Debug|x64
		{7A621F49-570F-4478-A886-AD1F23C6E04E}.Debug|x64.Build.0 = Debug|x64
		{7A621F49-570F-4478-A886-AD1F23C6E04E}.Debug|x86.ActiveCfg = Debug|Win32
		{7A621F49-570F-4478-A886-AD1F23C6E04E}.Debug|x86.Build.0 = Debug|Win32
		{7A621F49-570F-4478-A886-AD1F23C6E04E}.Release|x64.ActiveCfg = Release|x64
		{7A621F49-570F-4478-A886-AD1F23C6E04E}.Release|x64.Build.0 = Release|x64
		{7A621F49-570F-4478-A886-AD1F23C6E04E}.Release|x86.ActiveCfg = Release|Win32
		{7A621F49-570F-4478-A886-AD1F23C6E04E}.Release|x86.Build.0 = Release|Win32
		{E1476FA1-D823-4D5E-9C7A-FBA376C07EC5}.Debug|x64.ActiveCfg = Debug|x64
		{E1476FA1-D823-4D5E-9C7A-FBA376C07EC5}.Debug|x64.Build.0 = Debug|x64
		{E1476FA1-D823-4D5E-9C7A-FBA376C07EC5}.Debug|x86.ActiveCfg = Debug|Win32
		{E1476FA1-D823-4D5E-9C7A-FBA376C07EC5}.Debug|x86.Build.0 = Debug|Win32
		{E1476FA1-D823-4D5E-9C7A-FBA376C07EC5}.Release|x64.ActiveCfg = Release|x64
		{E1476FA1-D823-4D5E-9C7A-FBA376C07EC5}.Release|x64.Build.0 = Release|x64
		{E1476FA1-D823-4D5E-9C7A-FBA376C07EC5}.Release|x86.ActiveCfg = Release|Win32
		{E1476FA1-D823-4D5E-9C7A-FBA376C07EC5}.Release|x86.Build.0 = Release|Win32
		{EB0C8AB9-DB8E-4F7E-935B-A296E96EFCE1}.Debug|x64.ActiveCfg = Debug|x64
		{EB0C8AB9-DB8E-4F7E-935B-A296E96EFCE1}.Debug|x64.Build.0 = Debug|x64
		{EB0C8AB9-DB8E-4F7E-935B-A296E96EFCE1}.Debug|x86.ActiveCfg = Debug|Win32
		{EB0C8AB9-DB8E-4F7E-935B-A296E96EFCE1}.Debug|x86.Build.0 = Debug|Win32
		{EB0C8AB9-DB8E-4F7E-935B-A296E96EFCE1}.Release|x64.ActiveCfg = Release|x64
		{EB0C8AB9-DB8E-4F7E-935B-A296E96EFCE1}.Release|x64.Build.0 = Release|x64
		{EB0C8AB9-DB8E-4F7E-935B-A296E96EFCE1}.Release|x86.ActiveCfg = Release|Win32
		{EB0C8AB9-DB8E-4F7E-935B-A296E96EFCE1}.Release|x86.Build.0 = Release|Win32
		{BE257A23-E283-4C5B-BD9B-F92DEE1358EA}.Debug|x64.ActiveCfg = Debug|x64
		{BE257A23-E283-4C5B-BD9B-F92DEE1358EA}.Debug|x64.Build.0 = Debug|x64
		{BE257A23-E283-4C5B-BD9B-F92DEE1358EA}.Debug|x86.ActiveCfg = Debug|Win32
		{BE257A23-E283-4C5B-BD9B-F92DEE1358EA}.Debug|x86.Build.0 = Debug|Win32
		{BE257A23-E283-4C5B-BD9B-F92DEE1358EA}.Release|x64.ActiveCfg = Release|x64
		{BE257A23-E283-4C5B-BD9B-F92DEE1358EA}.Release|x64.Build.0 = Release|x64
		{BE257A23-E283-4C5B-BD9B-F92DEE1358EA}.Release|x86.ActiveCfg = Release|Win32
		{BE257A23-E283-4C5B-BD9B-F92DEE1358EA}.Release|x86.Build.0 = Release|Win32
	EndGlobalSection
	GlobalSection(SolutionProperties) = preSolution
		HideSolutionNode = FALSE
	EndGlobalSection
	GlobalSection(ExtensibilityGlobals) = postSolution
		SolutionGuid = {420AD17C-A5AA-44E7-B2C1-0D6D74926A27}
	EndGlobalSection
EndGlobal
