
Microsoft Visual Studio Solution File, Format Version 12.00
# Visual Studio Version 17
VisualStudioVersion = 17.5.33424.131
MinimumVisualStudioVersion = 10.0.40219.1
Project("{8BC9CEB8-8B4A-11D0-8D11-00A0C91BC942}") = "staticmember_062", "staticmember_062\staticmember_062.vcxproj", "{DA012A59-02E3-4D5C-9E01-6AE4462E6BAF}"
EndProject
Project("{8BC9CEB8-8B4A-11D0-8D11-00A0C91BC942}") = "mbrStaticFunc", "..\mbrStaticFunc\mbrStaticFunc.vcxproj", "{1BCFD6F6-40B7-4400-ADAA-284666708436}"
EndProject
Project("{8BC9CEB8-8B4A-11D0-8D11-00A0C91BC942}") = "destructor", "..\destructor\destructor.vcxproj", "{B27A4741-8116-4895-AF71-C65A81CA57B8}"
EndProject
Project("{8BC9CEB8-8B4A-11D0-8D11-00A0C91BC942}") = "constructor", "..\constructor\constructor.vcxproj", "{82C51DE7-ED8B-485E-85D5-E537CB1AEF28}"
EndProject
Project("{8BC9CEB8-8B4A-11D0-8D11-00A0C91BC942}") = "chainfunction", "..\chainfunction\chainfunction.vcxproj", "{C7D205B4-FA80-4B0A-B08C-4A151106D27C}"
EndProject
Global
	GlobalSection(SolutionConfigurationPlatforms) = preSolution
		Debug|x64 = Debug|x64
		Debug|x86 = Debug|x86
		Release|x64 = Release|x64
		Release|x86 = Release|x86
	EndGlobalSection
	GlobalSection(ProjectConfigurationPlatforms) = postSolution
		{DA012A59-02E3-4D5C-9E01-6AE4462E6BAF}.Debug|x64.ActiveCfg = Debug|x64
		{DA012A59-02E3-4D5C-9E01-6AE4462E6BAF}.Debug|x64.Build.0 = Debug|x64
		{DA012A59-02E3-4D5C-9E01-6AE4462E6BAF}.Debug|x86.ActiveCfg = Debug|Win32
		{DA012A59-02E3-4D5C-9E01-6AE4462E6BAF}.Debug|x86.Build.0 = Debug|Win32
		{DA012A59-02E3-4D5C-9E01-6AE4462E6BAF}.Release|x64.ActiveCfg = Release|x64
		{DA012A59-02E3-4D5C-9E01-6AE4462E6BAF}.Release|x64.Build.0 = Release|x64
		{DA012A59-02E3-4D5C-9E01-6AE4462E6BAF}.Release|x86.ActiveCfg = Release|Win32
		{DA012A59-02E3-4D5C-9E01-6AE4462E6BAF}.Release|x86.Build.0 = Release|Win32
		{1BCFD6F6-40B7-4400-ADAA-284666708436}.Debug|x64.ActiveCfg = Debug|x64
		{1BCFD6F6-40B7-4400-ADAA-284666708436}.Debug|x64.Build.0 = Debug|x64
		{1BCFD6F6-40B7-4400-ADAA-284666708436}.Debug|x86.ActiveCfg = Debug|Win32
		{1BCFD6F6-40B7-4400-ADAA-284666708436}.Debug|x86.Build.0 = Debug|Win32
		{1BCFD6F6-40B7-4400-ADAA-284666708436}.Release|x64.ActiveCfg = Release|x64
		{1BCFD6F6-40B7-4400-ADAA-284666708436}.Release|x64.Build.0 = Release|x64
		{1BCFD6F6-40B7-4400-ADAA-284666708436}.Release|x86.ActiveCfg = Release|Win32
		{1BCFD6F6-40B7-4400-ADAA-284666708436}.Release|x86.Build.0 = Release|Win32
		{B27A4741-8116-4895-AF71-C65A81CA57B8}.Debug|x64.ActiveCfg = Debug|x64
		{B27A4741-8116-4895-AF71-C65A81CA57B8}.Debug|x64.Build.0 = Debug|x64
		{B27A4741-8116-4895-AF71-C65A81CA57B8}.Debug|x86.ActiveCfg = Debug|Win32
		{B27A4741-8116-4895-AF71-C65A81CA57B8}.Debug|x86.Build.0 = Debug|Win32
		{B27A4741-8116-4895-AF71-C65A81CA57B8}.Release|x64.ActiveCfg = Release|x64
		{B27A4741-8116-4895-AF71-C65A81CA57B8}.Release|x64.Build.0 = Release|x64
		{B27A4741-8116-4895-AF71-C65A81CA57B8}.Release|x86.ActiveCfg = Release|Win32
		{B27A4741-8116-4895-AF71-C65A81CA57B8}.Release|x86.Build.0 = Release|Win32
		{82C51DE7-ED8B-485E-85D5-E537CB1AEF28}.Debug|x64.ActiveCfg = Debug|x64
		{82C51DE7-ED8B-485E-85D5-E537CB1AEF28}.Debug|x64.Build.0 = Debug|x64
		{82C51DE7-ED8B-485E-85D5-E537CB1AEF28}.Debug|x86.ActiveCfg = Debug|Win32
		{82C51DE7-ED8B-485E-85D5-E537CB1AEF28}.Debug|x86.Build.0 = Debug|Win32
		{82C51DE7-ED8B-485E-85D5-E537CB1AEF28}.Release|x64.ActiveCfg = Release|x64
		{82C51DE7-ED8B-485E-85D5-E537CB1AEF28}.Release|x64.Build.0 = Release|x64
		{82C51DE7-ED8B-485E-85D5-E537CB1AEF28}.Release|x86.ActiveCfg = Release|Win32
		{82C51DE7-ED8B-485E-85D5-E537CB1AEF28}.Release|x86.Build.0 = Release|Win32
		{C7D205B4-FA80-4B0A-B08C-4A151106D27C}.Debug|x64.ActiveCfg = Debug|x64
		{C7D205B4-FA80-4B0A-B08C-4A151106D27C}.Debug|x64.Build.0 = Debug|x64
		{C7D205B4-FA80-4B0A-B08C-4A151106D27C}.Debug|x86.ActiveCfg = Debug|Win32
		{C7D205B4-FA80-4B0A-B08C-4A151106D27C}.Debug|x86.Build.0 = Debug|Win32
		{C7D205B4-FA80-4B0A-B08C-4A151106D27C}.Release|x64.ActiveCfg = Release|x64
		{C7D205B4-FA80-4B0A-B08C-4A151106D27C}.Release|x64.Build.0 = Release|x64
		{C7D205B4-FA80-4B0A-B08C-4A151106D27C}.Release|x86.ActiveCfg = Release|Win32
		{C7D205B4-FA80-4B0A-B08C-4A151106D27C}.Release|x86.Build.0 = Release|Win32
	EndGlobalSection
	GlobalSection(SolutionProperties) = preSolution
		HideSolutionNode = FALSE
	EndGlobalSection
	GlobalSection(ExtensibilityGlobals) = postSolution
		SolutionGuid = {420AD17C-A5AA-44E7-B2C1-0D6D74926A27}
	EndGlobalSection
EndGlobal
